<?xml version="1.0" encoding="utf-8"?>
<Project ToolsVersion="4.0" xmlns="http://schemas.microsoft.com/developer/msbuild/2003">
  <ItemGroup>
    <Filter Include="Source Files">
      <UniqueIdentifier>{4FC737F1-C7A5-4376-A066-2A32D752A2FF}</UniqueIdentifier>
      <Extensions>cpp;c;cc;cxx;def;odl;idl;hpj;bat;asm;asmx</Extensions>
    </Filter>
    <Filter Include="Header Files">
      <UniqueIdentifier>{93995380-89BD-4b04-88EB-625FBE52EBFB}</UniqueIdentifier>
      <Extensions>h;hh;hpp;hxx;hm;inl;inc;xsd</Extensions>
    </Filter>
    <Filter Include="Resource Files">
      <UniqueIdentifier>{67DA6AB6-F800-4c08-8B7A-83BB121AAD01}</UniqueIdentifier>
      <Extensions>rc;ico;cur;bmp;dlg;rc2;rct;bin;rgs;gif;jpg;jpeg;jpe;resx;tiff;tif;png;wav;mfcribbon-ms</Extensions>
    </Filter>
    <Filter Include="Qlearning">
      <UniqueIdentifier>{53f3d866-12be-4df5-a397-ee6be7ba3cfe}</UniqueIdentifier>
    </Filter>
    <Filter Include="NArmedBandit">
      <UniqueIdentifier>{837551a7-c0fb-4144-a0f2-5291661b04e1}</UniqueIdentifier>
    </Filter>
    <Filter Include="MountainCar">
      <UniqueIdentifier>{75d82136-4923-43b3-bb00-a187b59514d2}</UniqueIdentifier>
    </Filter>
  </ItemGroup>
  <ItemGroup>
    <Text Include="ReadMe.txt" />
  </ItemGroup>
  <ItemGroup>
    <ClInclude Include="stdafx.h">
      <Filter>Header Files</Filter>
    </ClInclude>
    <ClInclude Include="targetver.h">
      <Filter>Header Files</Filter>
    </ClInclude>
    <ClInclude Include="ContainerProject.h">
      <Filter>Header Files</Filter>
    </ClInclude>
    <ClInclude Include="NonStationary.h">
      <Filter>NArmedBandit</Filter>
    </ClInclude>
    <ClInclude Include="Stationary.h">
      <Filter>NArmedBandit</Filter>
    </ClInclude>
    <ClInclude Include="Environment.h">
      <Filter>NArmedBandit</Filter>
    </ClInclude>
    <ClInclude Include="Agent.h">
      <Filter>MountainCar</Filter>
    </ClInclude>
    <ClInclude Include="CoarseCoding.h">
      <Filter>MountainCar</Filter>
    </ClInclude>
    <ClInclude Include="LearningCoordinator.h">
      <Filter>MountainCar</Filter>
    </ClInclude>
    <ClInclude Include="Logger.h">
      <Filter>MountainCar</Filter>
    </ClInclude>
    <ClInclude Include="PhysicsEngine.h">
      <Filter>MountainCar</Filter>
    </ClInclude>
    <ClInclude Include="rl_q.h">
      <Filter>Qlearning</Filter>
    </ClInclude>
    <ClInclude Include="rl_q_utils.h">
      <Filter>Qlearning</Filter>
    </ClInclude>
    <ClInclude Include="WindyGridWorld.h">
      <Filter>Qlearning</Filter>
    </ClInclude>
  </ItemGroup>
  <ItemGroup>
    <ClCompile Include="stdafx.cpp">
      <Filter>Source Files</Filter>
    </ClCompile>
    <ClCompile Include="ContainerProject.cpp">
      <Filter>Source Files</Filter>
    </ClCompile>
    <ClCompile Include="dllmain.cpp">
      <Filter>Source Files</Filter>
    </ClCompile>
    <ClCompile Include="NonStationary.cpp">
      <Filter>NArmedBandit</Filter>
    </ClCompile>
    <ClCompile Include="Stationary.cpp">
      <Filter>NArmedBandit</Filter>
    </ClCompile>
    <ClCompile Include="Environment.cpp">
      <Filter>NArmedBandit</Filter>
    </ClCompile>
    <ClCompile Include="Agent.cpp">
      <Filter>MountainCar</Filter>
    </ClCompile>
    <ClCompile Include="CoarseCoding.cpp">
      <Filter>MountainCar</Filter>
    </ClCompile>
    <ClCompile Include="LearningCoordinator.cpp">
      <Filter>MountainCar</Filter>
    </ClCompile>
    <ClCompile Include="Logger.cpp">
      <Filter>MountainCar</Filter>
    </ClCompile>
    <ClCompile Include="PhysicsEngine.cpp">
      <Filter>MountainCar</Filter>
    </ClCompile>
  </ItemGroup>
</Project>